<?xml version="1.0" encoding="utf-8"?>
<Project ToolsVersion="4.0" xmlns="http://schemas.microsoft.com/developer/msbuild/2003">
  <ItemGroup>
    <Filter Include="源文件">
      <UniqueIdentifier>{4FC737F1-C7A5-4376-A066-2A32D752A2FF}</UniqueIdentifier>
      <Extensions>cpp;c;cc;cxx;c++;cppm;ixx;def;odl;idl;hpj;bat;asm;asmx</Extensions>
    </Filter>
    <Filter Include="头文件">
      <UniqueIdentifier>{93995380-89BD-4b04-88EB-625FBE52EBFB}</UniqueIdentifier>
      <Extensions>h;hh;hpp;hxx;h++;hm;inl;inc;ipp;xsd</Extensions>
    </Filter>
    <Filter Include="资源文件">
      <UniqueIdentifier>{67DA6AB6-F800-4c08-8B7A-83BB121AAD01}</UniqueIdentifier>
      <Extensions>rc;ico;cur;bmp;dlg;rc2;rct;bin;rgs;gif;jpg;jpeg;jpe;resx;tiff;tif;png;wav;mfcribbon-ms</Extensions>
    </Filter>
    <Filter Include="FuLuoLuo">
      <UniqueIdentifier>{6b85061a-717b-44e8-a004-a53000efd3a8}</UniqueIdentifier>
    </Filter>
    <Filter Include="KaTiXiYa">
      <UniqueIdentifier>{8485ec0a-a2ec-4b63-a95c-7c21fda262ed}</UniqueIdentifier>
    </Filter>
    <Filter Include="ShouAnRen">
      <UniqueIdentifier>{1687c32e-9fcf-4451-af05-9a07a4d46447}</UniqueIdentifier>
    </Filter>
  </ItemGroup>
  <ItemGroup>
    <ClInclude Include="resource.h">
      <Filter>头文件</Filter>
    </ClInclude>
  </ItemGroup>
  <ItemGroup>
    <ResourceCompile Include="CursorResource.rc">
      <Filter>资源文件</Filter>
    </ResourceCompile>
  </ItemGroup>
  <ItemGroup>
    <None Include="FuNuoNuo\Help.ani">
      <Filter>FuLuoLuo</Filter>
    </None>
    <None Include="FuNuoNuo\Link.ani">
      <Filter>FuLuoLuo</Filter>
    </None>
    <None Include="FuNuoNuo\Normal.ani">
      <Filter>FuLuoLuo</Filter>
    </None>
    <None Include="FuNuoNuo\Text.ani">
      <Filter>FuLuoLuo</Filter>
    </None>
    <None Include="FuNuoNuo\Working.ani">
      <Filter>FuLuoLuo</Filter>
    </None>
    <None Include="KaTiXiYa\Help.ani">
      <Filter>KaTiXiYa</Filter>
    </None>
    <None Include="KaTiXiYa\Link.ani">
      <Filter>KaTiXiYa</Filter>
    </None>
    <None Include="KaTiXiYa\Normal.ani">
      <Filter>KaTiXiYa</Filter>
    </None>
    <None Include="KaTiXiYa\Text.ani">
      <Filter>KaTiXiYa</Filter>
    </None>
    <None Include="KaTiXiYa\Working.ani">
      <Filter>KaTiXiYa</Filter>
    </None>
    <None Include="ShouAnRen\Help.ani">
      <Filter>ShouAnRen</Filter>
    </None>
    <None Include="ShouAnRen\Link.ani">
      <Filter>ShouAnRen</Filter>
    </None>
    <None Include="ShouAnRen\Normal.ani">
      <Filter>ShouAnRen</Filter>
    </None>
    <None Include="ShouAnRen\Text.ani">
      <Filter>ShouAnRen</Filter>
    </None>
    <None Include="ShouAnRen\Working.ani">
      <Filter>ShouAnRen</Filter>
    </None>
  </ItemGroup>
</Project>